// !$*UTF8*$!
{
	archiveVersion = 1;
	classes = {
	};
	objectVersion = 56;
	objects = {

/* Begin PBXBuildFile section */
		BE479A7A0C7A49DB95CE568E /* GameCore.swift in Sources */ = {isa = PBXBuildFile; fileRef = BE479015567D93C57A6410A1 /* GameCore.swift */; };
		EADCEA0D292CB0DD006A19DF /* MinesweeperSwiftApp.swift in Sources */ = {isa = PBXBuildFile; fileRef = EADCEA0C292CB0DD006A19DF /* MinesweeperSwiftApp.swift */; };
		EADCEA0F292CB0DD006A19DF /* ContentView.swift in Sources */ = {isa = PBXBuildFile; fileRef = EADCEA0E292CB0DD006A19DF /* ContentView.swift */; };
		EADCEA11292CB0DE006A19DF /* Assets.xcassets in Resources */ = {isa = PBXBuildFile; fileRef = EADCEA10292CB0DE006A19DF /* Assets.xcassets */; };
		EADCEA14292CB0DE006A19DF /* Preview Assets.xcassets in Resources */ = {isa = PBXBuildFile; fileRef = EADCEA13292CB0DE006A19DF /* Preview Assets.xcassets */; };
		EADCEA38292CB395006A19DF /* GameBoard.swift in Sources */ = {isa = PBXBuildFile; fileRef = EADCEA37292CB395006A19DF /* GameBoard.swift */; };
/* End PBXBuildFile section */

/* Begin PBXFileReference section */
		BE479015567D93C57A6410A1 /* GameCore.swift */ = {isa = PBXFileReference; fileEncoding = 4; lastKnownFileType = sourcecode.swift; path = GameCore.swift; sourceTree = "<group>"; };
		EADCEA09292CB0DD006A19DF /* MinesweeperSwift.app */ = {isa = PBXFileReference; explicitFileType = wrapper.application; includeInIndex = 0; path = MinesweeperSwift.app; sourceTree = BUILT_PRODUCTS_DIR; };
		EADCEA0C292CB0DD006A19DF /* MinesweeperSwiftApp.swift */ = {isa = PBXFileReference; lastKnownFileType = sourcecode.swift; path = MinesweeperSwiftApp.swift; sourceTree = "<group>"; };
		EADCEA0E292CB0DD006A19DF /* ContentView.swift */ = {isa = PBXFileReference; lastKnownFileType = sourcecode.swift; path = ContentView.swift; sourceTree = "<group>"; };
		EADCEA10292CB0DE006A19DF /* Assets.xcassets */ = {isa = PBXFileReference; lastKnownFileType = folder.assetcatalog; path = Assets.xcassets; sourceTree = "<group>"; };
		EADCEA13292CB0DE006A19DF /* Preview Assets.xcassets */ = {isa = PBXFileReference; lastKnownFileType = folder.assetcatalog; path = "Preview Assets.xcassets"; sourceTree = "<group>"; };
		EADCEA15292CB0DE006A19DF /* MinesweeperSwift.entitlements */ = {isa = PBXFileReference; lastKnownFileType = text.plist.entitlements; path = MinesweeperSwift.entitlements; sourceTree = "<group>"; };
		EADCEA37292CB395006A19DF /* GameBoard.swift */ = {isa = PBXFileReference; lastKnownFileType = sourcecode.swift; path = GameBoard.swift; sourceTree = "<group>"; };
/* End PBXFileReference section */

/* Begin PBXFrameworksBuildPhase section */
		EADCEA06292CB0DD006A19DF /* Frameworks */ = {
			isa = PBXFrameworksBuildPhase;
			buildActionMask = 2147483647;
			files = (
			);
			runOnlyForDeploymentPostprocessing = 0;
		};
/* End PBXFrameworksBuildPhase section */

/* Begin PBXGroup section */
		EADCEA00292CB0DD006A19DF = {
			isa = PBXGroup;
			children = (
				EADCEA0B292CB0DD006A19DF /* MinesweeperSwift */,
				EADCEA0A292CB0DD006A19DF /* Products */,
			);
			sourceTree = "<group>";
		};
		EADCEA0A292CB0DD006A19DF /* Products */ = {
			isa = PBXGroup;
			children = (
				EADCEA09292CB0DD006A19DF /* MinesweeperSwift.app */,
			);
			name = Products;
			sourceTree = "<group>";
		};
		EADCEA0B292CB0DD006A19DF /* MinesweeperSwift */ = {
			isa = PBXGroup;
			children = (
				EADCEA0C292CB0DD006A19DF /* MinesweeperSwiftApp.swift */,
				EADCEA0E292CB0DD006A19DF /* ContentView.swift */,
				EADCEA37292CB395006A19DF /* GameBoard.swift */,
				EADCEA10292CB0DE006A19DF /* Assets.xcassets */,
				EADCEA15292CB0DE006A19DF /* MinesweeperSwift.entitlements */,
				EADCEA12292CB0DE006A19DF /* Preview Content */,
				BE479015567D93C57A6410A1 /* GameCore.swift */,
			);
			path = MinesweeperSwift;
			sourceTree = "<group>";
		};
		EADCEA12292CB0DE006A19DF /* Preview Content */ = {
			isa = PBXGroup;
			children = (
				EADCEA13292CB0DE006A19DF /* Preview Assets.xcassets */,
			);
			path = "Preview Content";
			sourceTree = "<group>";
		};
/* End PBXGroup section */

/* Begin PBXNativeTarget section */
		EADCEA08292CB0DD006A19DF /* MinesweeperSwift */ = {
			isa = PBXNativeTarget;
			buildConfigurationList = EADCEA2E292CB0DE006A19DF /* Build configuration list for PBXNativeTarget "MinesweeperSwift" */;
			buildPhases = (
				EADCEA05292CB0DD006A19DF /* Sources */,
				EADCEA06292CB0DD006A19DF /* Frameworks */,
				EADCEA07292CB0DD006A19DF /* Resources */,
			);
			buildRules = (
			);
			dependencies = (
			);
			name = MinesweeperSwift;
			productName = MinesweeperSwift;
			productReference = EADCEA09292CB0DD006A19DF /* MinesweeperSwift.app */;
			productType = "com.apple.product-type.application";
		};
/* End PBXNativeTarget section */

/* Begin PBXProject section */
		EADCEA01292CB0DD006A19DF /* Project object */ = {
			isa = PBXProject;
			attributes = {
				BuildIndependentTargetsInParallel = 1;
				LastSwiftUpdateCheck = 1410;
				LastUpgradeCheck = 1410;
				TargetAttributes = {
					EADCEA08292CB0DD006A19DF = {
						CreatedOnToolsVersion = 14.1;
					};
				};
			};
			buildConfigurationList = EADCEA04292CB0DD006A19DF /* Build configuration list for PBXProject "MinesweeperSwift" */;
			compatibilityVersion = "Xcode 14.0";
			developmentRegion = en;
			hasScannedForEncodings = 0;
			knownRegions = (
				en,
				Base,
			);
			mainGroup = EADCEA00292CB0DD006A19DF;
			productRefGroup = EADCEA0A292CB0DD006A19DF /* Products */;
			projectDirPath = "";
			projectRoot = "";
			targets = (
				EADCEA08292CB0DD006A19DF /* MinesweeperSwift */,
			);
		};
/* End PBXProject section */

/* Begin PBXResourcesBuildPhase section */
		EADCEA07292CB0DD006A19DF /* Resources */ = {
			isa = PBXResourcesBuildPhase;
			buildActionMask = 2147483647;
			files = (
				EADCEA14292CB0DE006A19DF /* Preview Assets.xcassets in Resources */,
				EADCEA11292CB0DE006A19DF /* Assets.xcassets in Resources */,
			);
			runOnlyForDeploymentPostprocessing = 0;
		};
/* End PBXResourcesBuildPhase section */

/* Begin PBXSourcesBuildPhase section */
		EADCEA05292CB0DD006A19DF /* Sources */ = {
			isa = PBXSourcesBuildPhase;
			buildActionMask = 2147483647;
			files = (
				EADCEA0F292CB0DD006A19DF /* ContentView.swift in Sources */,
				EADCEA38292CB395006A19DF /* GameBoard.swift in Sources */,
				EADCEA0D292CB0DD006A19DF /* MinesweeperSwiftApp.swift in Sources */,
				BE479A7A0C7A49DB95CE568E /* GameCore.swift in Sources */,
			);
			runOnlyForDeploymentPostprocessing = 0;
		};
/* End PBXSourcesBuildPhase section */

/* Begin XCBuildConfiguration section */
		EADCEA2C292CB0DE006A19DF /* Debug */ = {
			isa = XCBuildConfiguration;
			buildSettings = {
				ALWAYS_SEARCH_USER_PATHS = NO;
				CLANG_ANALYZER_NONNULL = YES;
				CLANG_ANALYZER_NUMBER_OBJECT_CONVERSION = YES_AGGRESSIVE;
				CLANG_CXX_LANGUAGE_STANDARD = "gnu++20";
				CLANG_ENABLE_MODULES = YES;
				CLANG_ENABLE_OBJC_ARC = YES;
				CLANG_ENABLE_OBJC_WEAK = YES;
				CLANG_WARN_BLOCK_CAPTURE_AUTORELEASING = YES;
				CLANG_WARN_BOOL_CONVERSION = YES;
				CLANG_WARN_COMMA = YES;
				CLANG_WARN_CONSTANT_CONVERSION = YES;
				CLANG_WARN_DEPRECATED_OBJC_IMPLEMENTATIONS = YES;
				CLANG_WARN_DIRECT_OBJC_ISA_USAGE = YES_ERROR;
				CLANG_WARN_DOCUMENTATION_COMMENTS = YES;
				CLANG_WARN_EMPTY_BODY = YES;
				CLANG_WARN_ENUM_CONVERSION = YES;
				CLANG_WARN_INFINITE_RECURSION = YES;
				CLANG_WARN_INT_CONVERSION = YES;
				CLANG_WARN_NON_LITERAL_NULL_CONVERSION = YES;
				CLANG_WARN_OBJC_IMPLICIT_RETAIN_SELF = YES;
				CLANG_WARN_OBJC_LITERAL_CONVERSION = YES;
				CLANG_WARN_OBJC_ROOT_CLASS = YES_ERROR;
				CLANG_WARN_QUOTED_INCLUDE_IN_FRAMEWORK_HEADER = YES;
				CLANG_WARN_RANGE_LOOP_ANALYSIS = YES;
				CLANG_WARN_STRICT_PROTOTYPES = YES;
				CLANG_WARN_SUSPICIOUS_MOVE = YES;
				CLANG_WARN_UNGUARDED_AVAILABILITY = YES_AGGRESSIVE;
				CLANG_WARN_UNREACHABLE_CODE = YES;
				CLANG_WARN__DUPLICATE_METHOD_MATCH = YES;
				COPY_PHASE_STRIP = NO;
				DEBUG_INFORMATION_FORMAT = dwarf;
				ENABLE_STRICT_OBJC_MSGSEND = YES;
				ENABLE_TESTABILITY = YES;
				GCC_C_LANGUAGE_STANDARD = gnu11;
				GCC_DYNAMIC_NO_PIC = NO;
				GCC_NO_COMMON_BLOCKS = YES;
				GCC_OPTIMIZATION_LEVEL = 0;
				GCC_PREPROCESSOR_DEFINITIONS = (
					"DEBUG=1",
					"$(inherited)",
				);
				GCC_WARN_64_TO_32_BIT_CONVERSION = YES;
				GCC_WARN_ABOUT_RETURN_TYPE = YES_ERROR;
				GCC_WARN_UNDECLARED_SELECTOR = YES;
				GCC_WARN_UNINITIALIZED_AUTOS = YES_AGGRESSIVE;
				GCC_WARN_UNUSED_FUNCTION = YES;
				GCC_WARN_UNUSED_VARIABLE = YES;
				MACOSX_DEPLOYMENT_TARGET = 13.0;
				MTL_ENABLE_DEBUG_INFO = INCLUDE_SOURCE;
				MTL_FAST_MATH = YES;
				ONLY_ACTIVE_ARCH = YES;
				SDKROOT = macosx;
				SWIFT_ACTIVE_COMPILATION_CONDITIONS = DEBUG;
				SWIFT_OPTIMIZATION_LEVEL = "-Onone";
			};
			name = Debug;
		};
		EADCEA2D292CB0DE006A19DF /* Release */ = {
			isa = XCBuildConfiguration;
			buildSettings = {
				ALWAYS_SEARCH_USER_PATHS = NO;
				CLANG_ANALYZER_NONNULL = YES;
				CLANG_ANALYZER_NUMBER_OBJECT_CONVERSION = YES_AGGRESSIVE;
				CLANG_CXX_LANGUAGE_STANDARD = "gnu++20";
				CLANG_ENABLE_MODULES = YES;
				CLANG_ENABLE_OBJC_ARC = YES;
				CLANG_ENABLE_OBJC_WEAK = YES;
				CLANG_WARN_BLOCK_CAPTURE_AUTORELEASING = YES;
				CLANG_WARN_BOOL_CONVERSION = YES;
				CLANG_WARN_COMMA = YES;
				CLANG_WARN_CONSTANT_CONVERSION = YES;
				CLANG_WARN_DEPRECATED_OBJC_IMPLEMENTATIONS = YES;
				CLANG_WARN_DIRECT_OBJC_ISA_USAGE = YES_ERROR;
				CLANG_WARN_DOCUMENTATION_COMMENTS = YES;
				CLANG_WARN_EMPTY_BODY = YES;
				CLANG_WARN_ENUM_CONVERSION = YES;
				CLANG_WARN_INFINITE_RECURSION = YES;
				CLANG_WARN_INT_CONVERSION = YES;
				CLANG_WARN_NON_LITERAL_NULL_CONVERSION = YES;
				CLANG_WARN_OBJC_IMPLICIT_RETAIN_SELF = YES;
				CLANG_WARN_OBJC_LITERAL_CONVERSION = YES;
				CLANG_WARN_OBJC_ROOT_CLASS = YES_ERROR;
				CLANG_WARN_QUOTED_INCLUDE_IN_FRAMEWORK_HEADER = YES;
				CLANG_WARN_RANGE_LOOP_ANALYSIS = YES;
				CLANG_WARN_STRICT_PROTOTYPES = YES;
				CLANG_WARN_SUSPICIOUS_MOVE = YES;
				CLANG_WARN_UNGUARDED_AVAILABILITY = YES_AGGRESSIVE;
				CLANG_WARN_UNREACHABLE_CODE = YES;
				CLANG_WARN__DUPLICATE_METHOD_MATCH = YES;
				COPY_PHASE_STRIP = NO;
				DEBUG_INFORMATION_FORMAT = "dwarf-with-dsym";
				ENABLE_NS_ASSERTIONS = NO;
				ENABLE_STRICT_OBJC_MSGSEND = YES;
				GCC_C_LANGUAGE_STANDARD = gnu11;
				GCC_NO_COMMON_BLOCKS = YES;
				GCC_WARN_64_TO_32_BIT_CONVERSION = YES;
				GCC_WARN_ABOUT_RETURN_TYPE = YES_ERROR;
				GCC_WARN_UNDECLARED_SELECTOR = YES;
				GCC_WARN_UNINITIALIZED_AUTOS = YES_AGGRESSIVE;
				GCC_WARN_UNUSED_FUNCTION = YES;
				GCC_WARN_UNUSED_VARIABLE = YES;
				MACOSX_DEPLOYMENT_TARGET = 13.0;
				MTL_ENABLE_DEBUG_INFO = NO;
				MTL_FAST_MATH = YES;
				SDKROOT = macosx;
				SWIFT_COMPILATION_MODE = wholemodule;
				SWIFT_OPTIMIZATION_LEVEL = "-O";
			};
			name = Release;
		};
		EADCEA2F292CB0DE006A19DF /* Debug */ = {
			isa = XCBuildConfiguration;
			buildSettings = {
				ASSETCATALOG_COMPILER_APPICON_NAME = AppIcon;
				ASSETCATALOG_COMPILER_GLOBAL_ACCENT_COLOR_NAME = AccentColor;
				CODE_SIGN_ENTITLEMENTS = MinesweeperSwift/MinesweeperSwift.entitlements;
				CODE_SIGN_STYLE = Automatic;
				COMBINE_HIDPI_IMAGES = YES;
				CURRENT_PROJECT_VERSION = 1;
				DEVELOPMENT_ASSET_PATHS = "\"MinesweeperSwift/Preview Content\"";
				DEVELOPMENT_TEAM = 6PL7UWKXD9;
				ENABLE_HARDENED_RUNTIME = YES;
				ENABLE_PREVIEWS = YES;
				GENERATE_INFOPLIST_FILE = YES;
				INFOPLIST_KEY_CFBundleDisplayName = Minesweeper;
				INFOPLIST_KEY_LSApplicationCategoryType = "public.app-category.puzzle-games";
				INFOPLIST_KEY_NSHumanReadableCopyright = "";
				LD_RUNPATH_SEARCH_PATHS = (
					"$(inherited)",
					"@executable_path/../Frameworks",
				);
				MARKETING_VERSION = 1.0;
				PRODUCT_BUNDLE_IDENTIFIER = net.liplum.MinesweeperSwift;
				PRODUCT_NAME = "$(TARGET_NAME)";
				SWIFT_EMIT_LOC_STRINGS = YES;
				SWIFT_VERSION = 5.0;
			};
			name = Debug;
		};
		EADCEA30292CB0DE006A19DF /* Release */ = {
			isa = XCBuildConfiguration;
			buildSettings = {
				ASSETCATALOG_COMPILER_APPICON_NAME = AppIcon;
				ASSETCATALOG_COMPILER_GLOBAL_ACCENT_COLOR_NAME = AccentColor;
				CODE_SIGN_ENTITLEMENTS = MinesweeperSwift/MinesweeperSwift.entitlements;
				CODE_SIGN_STYLE = Automatic;
				COMBINE_HIDPI_IMAGES = YES;
				CURRENT_PROJECT_VERSION = 1;
				DEVELOPMENT_ASSET_PATHS = "\"MinesweeperSwift/Preview Content\"";
				DEVELOPMENT_TEAM = 6PL7UWKXD9;
				ENABLE_HARDENED_RUNTIME = YES;
				ENABLE_PREVIEWS = YES;
				GENERATE_INFOPLIST_FILE = YES;
				INFOPLIST_KEY_CFBundleDisplayName = Minesweeper;
				INFOPLIST_KEY_LSApplicationCategoryType = "public.app-category.puzzle-games";
				INFOPLIST_KEY_NSHumanReadableCopyright = "";
				LD_RUNPATH_SEARCH_PATHS = (
					"$(inherited)",
					"@executable_path/../Frameworks",
				);
				MARKETING_VERSION = 1.0;
				PRODUCT_BUNDLE_IDENTIFIER = net.liplum.MinesweeperSwift;
				PRODUCT_NAME = "$(TARGET_NAME)";
				SWIFT_EMIT_LOC_STRINGS = YES;
				SWIFT_VERSION = 5.0;
			};
			name = Release;
		};
/* End XCBuildConfiguration section */

/* Begin XCConfigurationList section */
		EADCEA04292CB0DD006A19DF /* Build configuration list for PBXProject "MinesweeperSwift" */ = {
			isa = XCConfigurationList;
			buildConfigurations = (
				EADCEA2C292CB0DE006A19DF /* Debug */,
				EADCEA2D292CB0DE006A19DF /* Release */,
			);
			defaultConfigurationIsVisible = 0;
			defaultConfigurationName = Release;
		};
		EADCEA2E292CB0DE006A19DF /* Build configuration list for PBXNativeTarget "MinesweeperSwift" */ = {
			isa = XCConfigurationList;
			buildConfigurations = (
				EADCEA2F292CB0DE006A19DF /* Debug */,
				EADCEA30292CB0DE006A19DF /* Release */,
			);
			defaultConfigurationIsVisible = 0;
			defaultConfigurationName = Release;
		};
/* End XCConfigurationList section */
	};
	rootObject = EADCEA01292CB0DD006A19DF /* Project object */;
}
